
Microsoft Visual Studio Solution File, Format Version 12.00
# Visual Studio Version 16
VisualStudioVersion = 16.0.34729.46
MinimumVisualStudioVersion = 10.0.40219.1
Project("{FAE04EC0-301F-11D3-BF4B-00C04F79EFBC}") = "ShippingQuoteBranchingAssignment", "ShippingQuoteBranchingAssignment\ShippingQuoteBranchingAssignment.csproj", "{7019B735-8CCB-4EE0-9966-72AA657C7B2B}"
EndProject
Global
	GlobalSection(SolutionConfigurationPlatforms) = preSolution
		Debug|Any CPU = Debug|Any CPU
		Release|Any CPU = Release|Any CPU
	EndGlobalSection
	GlobalSection(ProjectConfigurationPlatforms) = postSolution
		{7019B735-8CCB-4EE0-9966-72AA657C7B2B}.Debug|Any CPU.ActiveCfg = Debug|Any CPU
		{7019B735-8CCB-4EE0-9966-72AA657C7B2B}.Debug|Any CPU.Build.0 = Debug|Any CPU
		{7019B735-8CCB-4EE0-9966-72AA657C7B2B}.Release|Any CPU.ActiveCfg = Release|Any CPU
		{7019B735-8CCB-4EE0-9966-72AA657C7B2B}.Release|Any CPU.Build.0 = Release|Any CPU
	EndGlobalSection
	GlobalSection(SolutionProperties) = preSolution
		HideSolutionNode = FALSE
	EndGlobalSection
	GlobalSection(ExtensibilityGlobals) = postSolution
		SolutionGuid = {87C9C5A5-898F-4F96-A3CE-685C46A3FF4A}
	EndGlobalSection
EndGlobal
