
Microsoft Visual Studio Solution File, Format Version 12.00
# Visual Studio Version 16
VisualStudioVersion = 16.0.34729.46
MinimumVisualStudioVersion = 10.0.40219.1
Project("{FAE04EC0-301F-11D3-BF4B-00C04F79EFBC}") = "BranchingPracticeWithOperators", "BranchingPracticeWithOperators\BranchingPracticeWithOperators.csproj", "{E464A0AB-FB93-447F-88C8-D114A9A4E359}"
EndProject
Global
	GlobalSection(SolutionConfigurationPlatforms) = preSolution
		Debug|Any CPU = Debug|Any CPU
		Release|Any CPU = Release|Any CPU
	EndGlobalSection
	GlobalSection(ProjectConfigurationPlatforms) = postSolution
		{E464A0AB-FB93-447F-88C8-D114A9A4E359}.Debug|Any CPU.ActiveCfg = Debug|Any CPU
		{E464A0AB-FB93-447F-88C8-D114A9A4E359}.Debug|Any CPU.Build.0 = Debug|Any CPU
		{E464A0AB-FB93-447F-88C8-D114A9A4E359}.Release|Any CPU.ActiveCfg = Release|Any CPU
		{E464A0AB-FB93-447F-88C8-D114A9A4E359}.Release|Any CPU.Build.0 = Release|Any CPU
	EndGlobalSection
	GlobalSection(SolutionProperties) = preSolution
		HideSolutionNode = FALSE
	EndGlobalSection
	GlobalSection(ExtensibilityGlobals) = postSolution
		SolutionGuid = {939DEB1B-DAE3-4C02-ACC6-A523E264CA17}
	EndGlobalSection
EndGlobal
