
Microsoft Visual Studio Solution File, Format Version 12.00
# Visual Studio Version 16
VisualStudioVersion = 16.0.34729.46
MinimumVisualStudioVersion = 10.0.40219.1
Project("{FAE04EC0-301F-11D3-BF4B-00C04F79EFBC}") = "CarInsurancePreQualConsoleApp", "CarInsurancePreQualConsoleApp\CarInsurancePreQualConsoleApp.csproj", "{23659590-86B6-4FD4-B5F9-F679B7AC570D}"
EndProject
Global
	GlobalSection(SolutionConfigurationPlatforms) = preSolution
		Debug|Any CPU = Debug|Any CPU
		Release|Any CPU = Release|Any CPU
	EndGlobalSection
	GlobalSection(ProjectConfigurationPlatforms) = postSolution
		{23659590-86B6-4FD4-B5F9-F679B7AC570D}.Debug|Any CPU.ActiveCfg = Debug|Any CPU
		{23659590-86B6-4FD4-B5F9-F679B7AC570D}.Debug|Any CPU.Build.0 = Debug|Any CPU
		{23659590-86B6-4FD4-B5F9-F679B7AC570D}.Release|Any CPU.ActiveCfg = Release|Any CPU
		{23659590-86B6-4FD4-B5F9-F679B7AC570D}.Release|Any CPU.Build.0 = Release|Any CPU
	EndGlobalSection
	GlobalSection(SolutionProperties) = preSolution
		HideSolutionNode = FALSE
	EndGlobalSection
	GlobalSection(ExtensibilityGlobals) = postSolution
		SolutionGuid = {2EE34BB9-FF7C-4D09-B138-D0B1841A7ABF}
	EndGlobalSection
EndGlobal
