
Microsoft Visual Studio Solution File, Format Version 12.00
# Visual Studio Version 16
VisualStudioVersion = 16.0.34729.46
MinimumVisualStudioVersion = 10.0.40219.1
Project("{FAE04EC0-301F-11D3-BF4B-00C04F79EFBC}") = "ExceptionHandling", "ExceptionHandling\ExceptionHandling.csproj", "{903152B6-25BE-4437-A816-F6817C489A40}"
EndProject
Global
	GlobalSection(SolutionConfigurationPlatforms) = preSolution
		Debug|Any CPU = Debug|Any CPU
		Release|Any CPU = Release|Any CPU
	EndGlobalSection
	GlobalSection(ProjectConfigurationPlatforms) = postSolution
		{903152B6-25BE-4437-A816-F6817C489A40}.Debug|Any CPU.ActiveCfg = Debug|Any CPU
		{903152B6-25BE-4437-A816-F6817C489A40}.Debug|Any CPU.Build.0 = Debug|Any CPU
		{903152B6-25BE-4437-A816-F6817C489A40}.Release|Any CPU.ActiveCfg = Release|Any CPU
		{903152B6-25BE-4437-A816-F6817C489A40}.Release|Any CPU.Build.0 = Release|Any CPU
	EndGlobalSection
	GlobalSection(SolutionProperties) = preSolution
		HideSolutionNode = FALSE
	EndGlobalSection
	GlobalSection(ExtensibilityGlobals) = postSolution
		SolutionGuid = {271C8D21-30EB-40F2-A369-DAA7270EA97A}
	EndGlobalSection
EndGlobal
