
Microsoft Visual Studio Solution File, Format Version 12.00
# Visual Studio Version 16
VisualStudioVersion = 16.0.34729.46
MinimumVisualStudioVersion = 10.0.40219.1
Project("{FAE04EC0-301F-11D3-BF4B-00C04F79EFBC}") = "StringsConsoleApp", "StringsConsoleApp\StringsConsoleApp.csproj", "{799A08D7-B604-43FD-9359-9401EF9D7BC5}"
EndProject
Global
	GlobalSection(SolutionConfigurationPlatforms) = preSolution
		Debug|Any CPU = Debug|Any CPU
		Release|Any CPU = Release|Any CPU
	EndGlobalSection
	GlobalSection(ProjectConfigurationPlatforms) = postSolution
		{799A08D7-B604-43FD-9359-9401EF9D7BC5}.Debug|Any CPU.ActiveCfg = Debug|Any CPU
		{799A08D7-B604-43FD-9359-9401EF9D7BC5}.Debug|Any CPU.Build.0 = Debug|Any CPU
		{799A08D7-B604-43FD-9359-9401EF9D7BC5}.Release|Any CPU.ActiveCfg = Release|Any CPU
		{799A08D7-B604-43FD-9359-9401EF9D7BC5}.Release|Any CPU.Build.0 = Release|Any CPU
	EndGlobalSection
	GlobalSection(SolutionProperties) = preSolution
		HideSolutionNode = FALSE
	EndGlobalSection
	GlobalSection(ExtensibilityGlobals) = postSolution
		SolutionGuid = {C9B51549-700C-4D02-8FAF-A5AE0F73E675}
	EndGlobalSection
EndGlobal
